
Microsoft Visual Studio Solution File, Format Version 12.00
# Visual Studio 15
VisualStudioVersion = 15.0.28010.2036
MinimumVisualStudioVersion = 10.0.40219.1
Project("{FAE04EC0-301F-11D3-BF4B-00C04F79EFBC}") = "sp_miner", "sp_miner\sp_miner.csproj", "{EF548347-DD54-4644-A1BB-F451E8665E30}"
EndProject
Global
	GlobalSection(SolutionConfigurationPlatforms) = preSolution
		Debug|Any CPU = Debug|Any CPU
		Release|Any CPU = Release|Any CPU
	EndGlobalSection
	GlobalSection(ProjectConfigurationPlatforms) = postSolution
		{EF548347-DD54-4644-A1BB-F451E8665E30}.Debug|Any CPU.ActiveCfg = Debug|Any CPU
		{EF548347-DD54-4644-A1BB-F451E8665E30}.Debug|Any CPU.Build.0 = Debug|Any CPU
		{EF548347-DD54-4644-A1BB-F451E8665E30}.Release|Any CPU.ActiveCfg = Release|Any CPU
		{EF548347-DD54-4644-A1BB-F451E8665E30}.Release|Any CPU.Build.0 = Release|Any CPU
	EndGlobalSection
	GlobalSection(SolutionProperties) = preSolution
		HideSolutionNode = FALSE
	EndGlobalSection
	GlobalSection(ExtensibilityGlobals) = postSolution
		SolutionGuid = {C92F1363-52C6-4D8E-BF04-193E4B16018A}
	EndGlobalSection
EndGlobal
